// !$*UTF8*$!
{
	archiveVersion = 1;
	classes = {
	};
	objectVersion = 46;
	objects = {

/* Begin PBXBuildFile section */
		30A1A0191E96D41800C9DAE5 /* AppDelegate.swift in Sources */ = {isa = PBXBuildFile; fileRef = 30A1A0181E96D41800C9DAE5 /* AppDelegate.swift */; };
		30A1A01B1E96D41800C9DAE5 /* ViewController.swift in Sources */ = {isa = PBXBuildFile; fileRef = 30A1A01A1E96D41800C9DAE5 /* ViewController.swift */; };
		30A1A01E1E96D41800C9DAE5 /* Main.storyboard in Resources */ = {isa = PBXBuildFile; fileRef = 30A1A01C1E96D41800C9DAE5 /* Main.storyboard */; };
		30A1A0211E96D41800C9DAE5 /* MSSQLSwift.xcdatamodeld in Sources */ = {isa = PBXBuildFile; fileRef = 30A1A01F1E96D41800C9DAE5 /* MSSQLSwift.xcdatamodeld */; };
		30A1A0231E96D41800C9DAE5 /* Assets.xcassets in Resources */ = {isa = PBXBuildFile; fileRef = 30A1A0221E96D41800C9DAE5 /* Assets.xcassets */; };
		30A1A0261E96D41800C9DAE5 /* LaunchScreen.storyboard in Resources */ = {isa = PBXBuildFile; fileRef = 30A1A0241E96D41800C9DAE5 /* LaunchScreen.storyboard */; };
		30A1A03D1E96D46E00C9DAE5 /* libfreetds.a in Frameworks */ = {isa = PBXBuildFile; fileRef = 30A1A0331E96D46E00C9DAE5 /* libfreetds.a */; };
		30A1A03E1E96D46E00C9DAE5 /* SQLClient.m in Sources */ = {isa = PBXBuildFile; fileRef = 30A1A0361E96D46E00C9DAE5 /* SQLClient.m */; };
		30A1A0411E96D4A900C9DAE5 /* libiconv.tbd in Frameworks */ = {isa = PBXBuildFile; fileRef = 30A1A0401E96D4A800C9DAE5 /* libiconv.tbd */; };
/* End PBXBuildFile section */

/* Begin PBXFileReference section */
		30A1A0151E96D41800C9DAE5 /* MSSQLSwift.app */ = {isa = PBXFileReference; explicitFileType = wrapper.application; includeInIndex = 0; path = MSSQLSwift.app; sourceTree = BUILT_PRODUCTS_DIR; };
		30A1A0181E96D41800C9DAE5 /* AppDelegate.swift */ = {isa = PBXFileReference; lastKnownFileType = sourcecode.swift; path = AppDelegate.swift; sourceTree = "<group>"; };
		30A1A01A1E96D41800C9DAE5 /* ViewController.swift */ = {isa = PBXFileReference; lastKnownFileType = sourcecode.swift; path = ViewController.swift; sourceTree = "<group>"; };
		30A1A01D1E96D41800C9DAE5 /* Base */ = {isa = PBXFileReference; lastKnownFileType = file.storyboard; name = Base; path = Base.lproj/Main.storyboard; sourceTree = "<group>"; };
		30A1A0201E96D41800C9DAE5 /* MSSQLSwift.xcdatamodel */ = {isa = PBXFileReference; lastKnownFileType = wrapper.xcdatamodel; path = MSSQLSwift.xcdatamodel; sourceTree = "<group>"; };
		30A1A0221E96D41800C9DAE5 /* Assets.xcassets */ = {isa = PBXFileReference; lastKnownFileType = folder.assetcatalog; path = Assets.xcassets; sourceTree = "<group>"; };
		30A1A0251E96D41800C9DAE5 /* Base */ = {isa = PBXFileReference; lastKnownFileType = file.storyboard; name = Base; path = Base.lproj/LaunchScreen.storyboard; sourceTree = "<group>"; };
		30A1A0271E96D41800C9DAE5 /* Info.plist */ = {isa = PBXFileReference; lastKnownFileType = text.plist.xml; path = Info.plist; sourceTree = "<group>"; };
		30A1A02E1E96D46E00C9DAE5 /* MSSQLSwift-Bridging-Header.h */ = {isa = PBXFileReference; lastKnownFileType = sourcecode.c.h; path = "MSSQLSwift-Bridging-Header.h"; sourceTree = "<group>"; };
		30A1A02F1E96D46E00C9DAE5 /* bkpublic.h */ = {isa = PBXFileReference; fileEncoding = 4; lastKnownFileType = sourcecode.c.h; path = bkpublic.h; sourceTree = "<group>"; };
		30A1A0301E96D46E00C9DAE5 /* cspublic.h */ = {isa = PBXFileReference; fileEncoding = 4; lastKnownFileType = sourcecode.c.h; path = cspublic.h; sourceTree = "<group>"; };
		30A1A0311E96D46E00C9DAE5 /* cstypes.h */ = {isa = PBXFileReference; fileEncoding = 4; lastKnownFileType = sourcecode.c.h; path = cstypes.h; sourceTree = "<group>"; };
		30A1A0321E96D46E00C9DAE5 /* ctpublic.h */ = {isa = PBXFileReference; fileEncoding = 4; lastKnownFileType = sourcecode.c.h; path = ctpublic.h; sourceTree = "<group>"; };
		30A1A0331E96D46E00C9DAE5 /* libfreetds.a */ = {isa = PBXFileReference; lastKnownFileType = archive.ar; path = libfreetds.a; sourceTree = "<group>"; };
		30A1A0341E96D46E00C9DAE5 /* odbcss.h */ = {isa = PBXFileReference; fileEncoding = 4; lastKnownFileType = sourcecode.c.h; path = odbcss.h; sourceTree = "<group>"; };
		30A1A0351E96D46E00C9DAE5 /* SQLClient.h */ = {isa = PBXFileReference; fileEncoding = 4; lastKnownFileType = sourcecode.c.h; path = SQLClient.h; sourceTree = "<group>"; };
		30A1A0361E96D46E00C9DAE5 /* SQLClient.m */ = {isa = PBXFileReference; fileEncoding = 4; lastKnownFileType = sourcecode.c.objc; path = SQLClient.m; sourceTree = "<group>"; };
		30A1A0371E96D46E00C9DAE5 /* sqldb.h */ = {isa = PBXFileReference; fileEncoding = 4; lastKnownFileType = sourcecode.c.h; path = sqldb.h; sourceTree = "<group>"; };
		30A1A0381E96D46E00C9DAE5 /* sqlfront.h */ = {isa = PBXFileReference; fileEncoding = 4; lastKnownFileType = sourcecode.c.h; path = sqlfront.h; sourceTree = "<group>"; };
		30A1A0391E96D46E00C9DAE5 /* sybdb.h */ = {isa = PBXFileReference; fileEncoding = 4; lastKnownFileType = sourcecode.c.h; path = sybdb.h; sourceTree = "<group>"; };
		30A1A03A1E96D46E00C9DAE5 /* syberror.h */ = {isa = PBXFileReference; fileEncoding = 4; lastKnownFileType = sourcecode.c.h; path = syberror.h; sourceTree = "<group>"; };
		30A1A03B1E96D46E00C9DAE5 /* sybfront.h */ = {isa = PBXFileReference; fileEncoding = 4; lastKnownFileType = sourcecode.c.h; path = sybfront.h; sourceTree = "<group>"; };
		30A1A03C1E96D46E00C9DAE5 /* tds_sysdep_public.h */ = {isa = PBXFileReference; fileEncoding = 4; lastKnownFileType = sourcecode.c.h; path = tds_sysdep_public.h; sourceTree = "<group>"; };
		30A1A0401E96D4A800C9DAE5 /* libiconv.tbd */ = {isa = PBXFileReference; lastKnownFileType = "sourcecode.text-based-dylib-definition"; name = libiconv.tbd; path = usr/lib/libiconv.tbd; sourceTree = SDKROOT; };
/* End PBXFileReference section */

/* Begin PBXFrameworksBuildPhase section */
		30A1A0121E96D41800C9DAE5 /* Frameworks */ = {
			isa = PBXFrameworksBuildPhase;
			buildActionMask = 2147483647;
			files = (
				30A1A0411E96D4A900C9DAE5 /* libiconv.tbd in Frameworks */,
				30A1A03D1E96D46E00C9DAE5 /* libfreetds.a in Frameworks */,
			);
			runOnlyForDeploymentPostprocessing = 0;
		};
/* End PBXFrameworksBuildPhase section */

/* Begin PBXGroup section */
		30A1A00C1E96D41800C9DAE5 = {
			isa = PBXGroup;
			children = (
				30A1A0171E96D41800C9DAE5 /* MSSQLSwift */,
				30A1A0161E96D41800C9DAE5 /* Products */,
				30A1A03F1E96D4A800C9DAE5 /* Frameworks */,
			);
			sourceTree = "<group>";
		};
		30A1A0161E96D41800C9DAE5 /* Products */ = {
			isa = PBXGroup;
			children = (
				30A1A0151E96D41800C9DAE5 /* MSSQLSwift.app */,
			);
			name = Products;
			sourceTree = "<group>";
		};
		30A1A0171E96D41800C9DAE5 /* MSSQLSwift */ = {
			isa = PBXGroup;
			children = (
				30A1A02D1E96D43E00C9DAE5 /* ObjcSQLClient */,
				30A1A0181E96D41800C9DAE5 /* AppDelegate.swift */,
				30A1A01A1E96D41800C9DAE5 /* ViewController.swift */,
				30A1A01C1E96D41800C9DAE5 /* Main.storyboard */,
				30A1A0221E96D41800C9DAE5 /* Assets.xcassets */,
				30A1A0241E96D41800C9DAE5 /* LaunchScreen.storyboard */,
				30A1A0271E96D41800C9DAE5 /* Info.plist */,
				30A1A01F1E96D41800C9DAE5 /* MSSQLSwift.xcdatamodeld */,
			);
			path = MSSQLSwift;
			sourceTree = "<group>";
		};
		30A1A02D1E96D43E00C9DAE5 /* ObjcSQLClient */ = {
			isa = PBXGroup;
			children = (
				30A1A02F1E96D46E00C9DAE5 /* bkpublic.h */,
				30A1A0301E96D46E00C9DAE5 /* cspublic.h */,
				30A1A0311E96D46E00C9DAE5 /* cstypes.h */,
				30A1A0321E96D46E00C9DAE5 /* ctpublic.h */,
				30A1A0331E96D46E00C9DAE5 /* libfreetds.a */,
				30A1A0341E96D46E00C9DAE5 /* odbcss.h */,
				30A1A0351E96D46E00C9DAE5 /* SQLClient.h */,
				30A1A0361E96D46E00C9DAE5 /* SQLClient.m */,
				30A1A0371E96D46E00C9DAE5 /* sqldb.h */,
				30A1A0381E96D46E00C9DAE5 /* sqlfront.h */,
				30A1A0391E96D46E00C9DAE5 /* sybdb.h */,
				30A1A03A1E96D46E00C9DAE5 /* syberror.h */,
				30A1A03B1E96D46E00C9DAE5 /* sybfront.h */,
				30A1A03C1E96D46E00C9DAE5 /* tds_sysdep_public.h */,
				30A1A02E1E96D46E00C9DAE5 /* MSSQLSwift-Bridging-Header.h */,
			);
			name = ObjcSQLClient;
			sourceTree = "<group>";
		};
		30A1A03F1E96D4A800C9DAE5 /* Frameworks */ = {
			isa = PBXGroup;
			children = (
				30A1A0401E96D4A800C9DAE5 /* libiconv.tbd */,
			);
			name = Frameworks;
			sourceTree = "<group>";
		};
/* End PBXGroup section */

/* Begin PBXNativeTarget section */
		30A1A0141E96D41800C9DAE5 /* MSSQLSwift */ = {
			isa = PBXNativeTarget;
			buildConfigurationList = 30A1A02A1E96D41800C9DAE5 /* Build configuration list for PBXNativeTarget "MSSQLSwift" */;
			buildPhases = (
				30A1A0111E96D41800C9DAE5 /* Sources */,
				30A1A0121E96D41800C9DAE5 /* Frameworks */,
				30A1A0131E96D41800C9DAE5 /* Resources */,
			);
			buildRules = (
			);
			dependencies = (
			);
			name = MSSQLSwift;
			productName = MSSQLSwift;
			productReference = 30A1A0151E96D41800C9DAE5 /* MSSQLSwift.app */;
			productType = "com.apple.product-type.application";
		};
/* End PBXNativeTarget section */

/* Begin PBXProject section */
		30A1A00D1E96D41800C9DAE5 /* Project object */ = {
			isa = PBXProject;
			attributes = {
				LastSwiftUpdateCheck = 0830;
				LastUpgradeCheck = 0830;
				ORGANIZATIONNAME = MWCS;
				TargetAttributes = {
					30A1A0141E96D41800C9DAE5 = {
						CreatedOnToolsVersion = 8.3;
						DevelopmentTeam = 62KBMLS53A;
						LastSwiftMigration = 0830;
						ProvisioningStyle = Automatic;
					};
				};
			};
			buildConfigurationList = 30A1A0101E96D41800C9DAE5 /* Build configuration list for PBXProject "MSSQLSwift" */;
			compatibilityVersion = "Xcode 3.2";
			developmentRegion = English;
			hasScannedForEncodings = 0;
			knownRegions = (
				en,
				Base,
			);
			mainGroup = 30A1A00C1E96D41800C9DAE5;
			productRefGroup = 30A1A0161E96D41800C9DAE5 /* Products */;
			projectDirPath = "";
			projectRoot = "";
			targets = (
				30A1A0141E96D41800C9DAE5 /* MSSQLSwift */,
			);
		};
/* End PBXProject section */

/* Begin PBXResourcesBuildPhase section */
		30A1A0131E96D41800C9DAE5 /* Resources */ = {
			isa = PBXResourcesBuildPhase;
			buildActionMask = 2147483647;
			files = (
				30A1A0261E96D41800C9DAE5 /* LaunchScreen.storyboard in Resources */,
				30A1A0231E96D41800C9DAE5 /* Assets.xcassets in Resources */,
				30A1A01E1E96D41800C9DAE5 /* Main.storyboard in Resources */,
			);
			runOnlyForDeploymentPostprocessing = 0;
		};
/* End PBXResourcesBuildPhase section */

/* Begin PBXSourcesBuildPhase section */
		30A1A0111E96D41800C9DAE5 /* Sources */ = {
			isa = PBXSourcesBuildPhase;
			buildActionMask = 2147483647;
			files = (
				30A1A01B1E96D41800C9DAE5 /* ViewController.swift in Sources */,
				30A1A03E1E96D46E00C9DAE5 /* SQLClient.m in Sources */,
				30A1A0191E96D41800C9DAE5 /* AppDelegate.swift in Sources */,
				30A1A0211E96D41800C9DAE5 /* MSSQLSwift.xcdatamodeld in Sources */,
			);
			runOnlyForDeploymentPostprocessing = 0;
		};
/* End PBXSourcesBuildPhase section */

/* Begin PBXVariantGroup section */
		30A1A01C1E96D41800C9DAE5 /* Main.storyboard */ = {
			isa = PBXVariantGroup;
			children = (
				30A1A01D1E96D41800C9DAE5 /* Base */,
			);
			name = Main.storyboard;
			sourceTree = "<group>";
		};
		30A1A0241E96D41800C9DAE5 /* LaunchScreen.storyboard */ = {
			isa = PBXVariantGroup;
			children = (
				30A1A0251E96D41800C9DAE5 /* Base */,
			);
			name = LaunchScreen.storyboard;
			sourceTree = "<group>";
		};
/* End PBXVariantGroup section */

/* Begin XCBuildConfiguration section */
		30A1A0281E96D41800C9DAE5 /* Debug */ = {
			isa = XCBuildConfiguration;
			buildSettings = {
				ALWAYS_SEARCH_USER_PATHS = NO;
				CLANG_ANALYZER_NONNULL = YES;
				CLANG_ANALYZER_NUMBER_OBJECT_CONVERSION = YES_AGGRESSIVE;
				CLANG_CXX_LANGUAGE_STANDARD = "gnu++0x";
				CLANG_CXX_LIBRARY = "libc++";
				CLANG_ENABLE_MODULES = YES;
				CLANG_ENABLE_OBJC_ARC = YES;
				CLANG_WARN_BOOL_CONVERSION = YES;
				CLANG_WARN_CONSTANT_CONVERSION = YES;
				CLANG_WARN_DIRECT_OBJC_ISA_USAGE = YES_ERROR;
				CLANG_WARN_DOCUMENTATION_COMMENTS = YES;
				CLANG_WARN_EMPTY_BODY = YES;
				CLANG_WARN_ENUM_CONVERSION = YES;
				CLANG_WARN_INFINITE_RECURSION = YES;
				CLANG_WARN_INT_CONVERSION = YES;
				CLANG_WARN_OBJC_ROOT_CLASS = YES_ERROR;
				CLANG_WARN_SUSPICIOUS_MOVE = YES;
				CLANG_WARN_UNREACHABLE_CODE = YES;
				CLANG_WARN__DUPLICATE_METHOD_MATCH = YES;
				"CODE_SIGN_IDENTITY[sdk=iphoneos*]" = "iPhone Developer";
				COPY_PHASE_STRIP = NO;
				DEBUG_INFORMATION_FORMAT = dwarf;
				ENABLE_STRICT_OBJC_MSGSEND = YES;
				ENABLE_TESTABILITY = YES;
				GCC_C_LANGUAGE_STANDARD = gnu99;
				GCC_DYNAMIC_NO_PIC = NO;
				GCC_NO_COMMON_BLOCKS = YES;
				GCC_OPTIMIZATION_LEVEL = 0;
				GCC_PREPROCESSOR_DEFINITIONS = (
					"DEBUG=1",
					"$(inherited)",
				);
				GCC_WARN_64_TO_32_BIT_CONVERSION = YES;
				GCC_WARN_ABOUT_RETURN_TYPE = YES_ERROR;
				GCC_WARN_UNDECLARED_SELECTOR = YES;
				GCC_WARN_UNINITIALIZED_AUTOS = YES_AGGRESSIVE;
				GCC_WARN_UNUSED_FUNCTION = YES;
				GCC_WARN_UNUSED_VARIABLE = YES;
				IPHONEOS_DEPLOYMENT_TARGET = 10.3;
				MTL_ENABLE_DEBUG_INFO = YES;
				ONLY_ACTIVE_ARCH = YES;
				SDKROOT = iphoneos;
				SWIFT_ACTIVE_COMPILATION_CONDITIONS = DEBUG;
				SWIFT_OPTIMIZATION_LEVEL = "-Onone";
			};
			name = Debug;
		};
		30A1A0291E96D41800C9DAE5 /* Release */ = {
			isa = XCBuildConfiguration;
			buildSettings = {
				ALWAYS_SEARCH_USER_PATHS = NO;
				CLANG_ANALYZER_NONNULL = YES;
				CLANG_ANALYZER_NUMBER_OBJECT_CONVERSION = YES_AGGRESSIVE;
				CLANG_CXX_LANGUAGE_STANDARD = "gnu++0x";
				CLANG_CXX_LIBRARY = "libc++";
				CLANG_ENABLE_MODULES = YES;
				CLANG_ENABLE_OBJC_ARC = YES;
				CLANG_WARN_BOOL_CONVERSION = YES;
				CLANG_WARN_CONSTANT_CONVERSION = YES;
				CLANG_WARN_DIRECT_OBJC_ISA_USAGE = YES_ERROR;
				CLANG_WARN_DOCUMENTATION_COMMENTS = YES;
				CLANG_WARN_EMPTY_BODY = YES;
				CLANG_WARN_ENUM_CONVERSION = YES;
				CLANG_WARN_INFINITE_RECURSION = YES;
				CLANG_WARN_INT_CONVERSION = YES;
				CLANG_WARN_OBJC_ROOT_CLASS = YES_ERROR;
				CLANG_WARN_SUSPICIOUS_MOVE = YES;
				CLANG_WARN_UNREACHABLE_CODE = YES;
				CLANG_WARN__DUPLICATE_METHOD_MATCH = YES;
				"CODE_SIGN_IDENTITY[sdk=iphoneos*]" = "iPhone Developer";
				COPY_PHASE_STRIP = NO;
				DEBUG_INFORMATION_FORMAT = "dwarf-with-dsym";
				ENABLE_NS_ASSERTIONS = NO;
				ENABLE_STRICT_OBJC_MSGSEND = YES;
				GCC_C_LANGUAGE_STANDARD = gnu99;
				GCC_NO_COMMON_BLOCKS = YES;
				GCC_WARN_64_TO_32_BIT_CONVERSION = YES;
				GCC_WARN_ABOUT_RETURN_TYPE = YES_ERROR;
				GCC_WARN_UNDECLARED_SELECTOR = YES;
				GCC_WARN_UNINITIALIZED_AUTOS = YES_AGGRESSIVE;
				GCC_WARN_UNUSED_FUNCTION = YES;
				GCC_WARN_UNUSED_VARIABLE = YES;
				IPHONEOS_DEPLOYMENT_TARGET = 10.3;
				MTL_ENABLE_DEBUG_INFO = NO;
				SDKROOT = iphoneos;
				SWIFT_OPTIMIZATION_LEVEL = "-Owholemodule";
				VALIDATE_PRODUCT = YES;
			};
			name = Release;
		};
		30A1A02B1E96D41800C9DAE5 /* Debug */ = {
			isa = XCBuildConfiguration;
			buildSettings = {
				ASSETCATALOG_COMPILER_APPICON_NAME = AppIcon;
				CLANG_ENABLE_MODULES = YES;
				DEVELOPMENT_TEAM = 62KBMLS53A;
				INFOPLIST_FILE = MSSQLSwift/Info.plist;
				LD_RUNPATH_SEARCH_PATHS = "$(inherited) @executable_path/Frameworks";
				LIBRARY_SEARCH_PATHS = (
					"$(inherited)",
					"$(PROJECT_DIR)/MSSQLSwift",
				);
				PRODUCT_BUNDLE_IDENTIFIER = net.midwestcompsol.MSSQLSwift;
				PRODUCT_NAME = "$(TARGET_NAME)";
				SWIFT_OBJC_BRIDGING_HEADER = "MSSQLSwift/MSSQLSwift-Bridging-Header.h";
				SWIFT_OPTIMIZATION_LEVEL = "-Onone";
				SWIFT_VERSION = 3.0;
			};
			name = Debug;
		};
		30A1A02C1E96D41800C9DAE5 /* Release */ = {
			isa = XCBuildConfiguration;
			buildSettings = {
				ASSETCATALOG_COMPILER_APPICON_NAME = AppIcon;
				CLANG_ENABLE_MODULES = YES;
				DEVELOPMENT_TEAM = 62KBMLS53A;
				INFOPLIST_FILE = MSSQLSwift/Info.plist;
				LD_RUNPATH_SEARCH_PATHS = "$(inherited) @executable_path/Frameworks";
				LIBRARY_SEARCH_PATHS = (
					"$(inherited)",
					"$(PROJECT_DIR)/MSSQLSwift",
				);
				PRODUCT_BUNDLE_IDENTIFIER = net.midwestcompsol.MSSQLSwift;
				PRODUCT_NAME = "$(TARGET_NAME)";
				SWIFT_OBJC_BRIDGING_HEADER = "MSSQLSwift/MSSQLSwift-Bridging-Header.h";
				SWIFT_VERSION = 3.0;
			};
			name = Release;
		};
/* End XCBuildConfiguration section */

/* Begin XCConfigurationList section */
		30A1A0101E96D41800C9DAE5 /* Build configuration list for PBXProject "MSSQLSwift" */ = {
			isa = XCConfigurationList;
			buildConfigurations = (
				30A1A0281E96D41800C9DAE5 /* Debug */,
				30A1A0291E96D41800C9DAE5 /* Release */,
			);
			defaultConfigurationIsVisible = 0;
			defaultConfigurationName = Release;
		};
		30A1A02A1E96D41800C9DAE5 /* Build configuration list for PBXNativeTarget "MSSQLSwift" */ = {
			isa = XCConfigurationList;
			buildConfigurations = (
				30A1A02B1E96D41800C9DAE5 /* Debug */,
				30A1A02C1E96D41800C9DAE5 /* Release */,
			);
			defaultConfigurationIsVisible = 0;
		};
/* End XCConfigurationList section */

/* Begin XCVersionGroup section */
		30A1A01F1E96D41800C9DAE5 /* MSSQLSwift.xcdatamodeld */ = {
			isa = XCVersionGroup;
			children = (
				30A1A0201E96D41800C9DAE5 /* MSSQLSwift.xcdatamodel */,
			);
			currentVersion = 30A1A0201E96D41800C9DAE5 /* MSSQLSwift.xcdatamodel */;
			path = MSSQLSwift.xcdatamodeld;
			sourceTree = "<group>";
			versionGroupType = wrapper.xcdatamodel;
		};
/* End XCVersionGroup section */
	};
	rootObject = 30A1A00D1E96D41800C9DAE5 /* Project object */;
}
